PODS:
  - A_Extension (0.1.0):
    - CTMediator
  - A_Swift (0.1.3)
  - CTMediator (25)

DEPENDENCIES:
  - A_Extension
  - A_Swift

SPEC REPOS:
  https://github.com/chancc-no/podspec.git:
    - A_Extension
    - A_Swift
  trunk:
    - CTMediator

SPEC CHECKSUMS:
  A_Extension: afce051a73f738a70484297399e6741f039a5f51
  A_Swift: 36be61668b7d04294b549743d36c63cef28fb18e
  CTMediator: 830c1fc204b3a6abf2a059510c7380f56343da0f

PODFILE CHECKSUM: e7c49e594e5e10c6071d5f5a2a11c089216d65d9

COCOAPODS: 1.8.4
